// !$*UTF8*$!
{
	archiveVersion = 1;
	classes = {
	};
	objectVersion = 56;
	objects = {

/* Begin PBXBuildFile section */
		17071F042B7ED934009C1760 /* DrumsModel.swift in Sources */ = {isa = PBXBuildFile; fileRef = 17071F032B7ED934009C1760 /* DrumsModel.swift */; };
		172F19972B754E67001F9B12 /* DebugView.swift in Sources */ = {isa = PBXBuildFile; fileRef = 172F19962B754E67001F9B12 /* DebugView.swift */; };
		172F19A02B755C0D001F9B12 /* TableDrummerContent in Frameworks */ = {isa = PBXBuildFile; productRef = 172F199F2B755C0D001F9B12 /* TableDrummerContent */; };
		172F1A182B7593AD001F9B12 /* SoundEmitter.swift in Sources */ = {isa = PBXBuildFile; fileRef = 172F1A172B7593AD001F9B12 /* SoundEmitter.swift */; };
		174C08432B74BD6200AAC4FE /* DrumPad.swift in Sources */ = {isa = PBXBuildFile; fileRef = 174C08422B74BD6200AAC4FE /* DrumPad.swift */; };
		174CC91F2B7432F0009B0C36 /* TableDrummerApp.swift in Sources */ = {isa = PBXBuildFile; fileRef = 174CC91E2B7432F0009B0C36 /* TableDrummerApp.swift */; };
		174CC9212B7432F0009B0C36 /* ContentView.swift in Sources */ = {isa = PBXBuildFile; fileRef = 174CC9202B7432F0009B0C36 /* ContentView.swift */; };
		174CC9232B7432F0009B0C36 /* ImmersiveView.swift in Sources */ = {isa = PBXBuildFile; fileRef = 174CC9222B7432F0009B0C36 /* ImmersiveView.swift */; };
		174CC9252B7432F2009B0C36 /* Assets.xcassets in Resources */ = {isa = PBXBuildFile; fileRef = 174CC9242B7432F2009B0C36 /* Assets.xcassets */; };
		174CC9282B7432F2009B0C36 /* Preview Assets.xcassets in Resources */ = {isa = PBXBuildFile; fileRef = 174CC9272B7432F2009B0C36 /* Preview Assets.xcassets */; };
		1756B4A12B75D74400729672 /* rock-kick-2.wav in Resources */ = {isa = PBXBuildFile; fileRef = 1756B4942B75D71D00729672 /* rock-kick-2.wav */; };
		1756B4A22B75D74800729672 /* rock-kick_140bpm_C.wav in Resources */ = {isa = PBXBuildFile; fileRef = 1756B4952B75D71D00729672 /* rock-kick_140bpm_C.wav */; };
		1756B4A32B75D74C00729672 /* heavy-rock-tom.wav in Resources */ = {isa = PBXBuildFile; fileRef = 1756B4972B75D71D00729672 /* heavy-rock-tom.wav */; };
		1756B4A42B75D75400729672 /* heavy-rock-tom-3.wav in Resources */ = {isa = PBXBuildFile; fileRef = 1756B49A2B75D71D00729672 /* heavy-rock-tom-3.wav */; };
		1756B4A52B75D75600729672 /* heavy-rock-tom-2.wav in Resources */ = {isa = PBXBuildFile; fileRef = 1756B4992B75D71D00729672 /* heavy-rock-tom-2.wav */; };
		1756B4A62B75D75900729672 /* heavy-rock-floor-tom.wav in Resources */ = {isa = PBXBuildFile; fileRef = 1756B4982B75D71D00729672 /* heavy-rock-floor-tom.wav */; };
		1756B4A72B75D75B00729672 /* punchy-acoustic-rock-snare-one-shot_F_major.wav in Resources */ = {isa = PBXBuildFile; fileRef = 1756B49C2B75D71D00729672 /* punchy-acoustic-rock-snare-one-shot_F_major.wav */; };
		1756B4A82B75D75D00729672 /* indie-rock-snare.wav in Resources */ = {isa = PBXBuildFile; fileRef = 1756B49D2B75D71D00729672 /* indie-rock-snare.wav */; };
		1756B4A92B75D76000729672 /* heavy-rock-closed-hi-hat.wav in Resources */ = {isa = PBXBuildFile; fileRef = 1756B4A02B75D71D00729672 /* heavy-rock-closed-hi-hat.wav */; };
		1759BBAB2B7AB62B00B97F36 /* ARSessionModel.swift in Sources */ = {isa = PBXBuildFile; fileRef = 1759BBAA2B7AB62B00B97F36 /* ARSessionModel.swift */; };
		175A68CD2B8416DF0006BE1C /* ElementsView.swift in Sources */ = {isa = PBXBuildFile; fileRef = 175A68CC2B8416DF0006BE1C /* ElementsView.swift */; };
		175A68CF2B8421FC0006BE1C /* Constants.swift in Sources */ = {isa = PBXBuildFile; fileRef = 175A68CE2B8421FC0006BE1C /* Constants.swift */; };
		17FFA9CE2B814AE2002D76CC /* rock-ride-tip.wav in Resources */ = {isa = PBXBuildFile; fileRef = 17FFA9CD2B814AE2002D76CC /* rock-ride-tip.wav */; };
		17FFA9D02B814AF4002D76CC /* golden-crash.wav in Resources */ = {isa = PBXBuildFile; fileRef = 17FFA9CF2B814AF4002D76CC /* golden-crash.wav */; };
		17FFA9D22B814C9B002D76CC /* heavy-rock-ride.wav in Resources */ = {isa = PBXBuildFile; fileRef = 17FFA9D12B814C9B002D76CC /* heavy-rock-ride.wav */; };
		17FFA9D42B81504A002D76CC /* TDColor.swift in Sources */ = {isa = PBXBuildFile; fileRef = 17FFA9D32B81504A002D76CC /* TDColor.swift */; };
/* End PBXBuildFile section */

/* Begin PBXFileReference section */
		17071F032B7ED934009C1760 /* DrumsModel.swift */ = {isa = PBXFileReference; lastKnownFileType = sourcecode.swift; path = DrumsModel.swift; sourceTree = "<group>"; };
		172F19962B754E67001F9B12 /* DebugView.swift */ = {isa = PBXFileReference; lastKnownFileType = sourcecode.swift; path = DebugView.swift; sourceTree = "<group>"; };
		172F199C2B755BEE001F9B12 /* TableDrummerContent */ = {isa = PBXFileReference; lastKnownFileType = wrapper; path = TableDrummerContent; sourceTree = "<group>"; };
		172F1A172B7593AD001F9B12 /* SoundEmitter.swift */ = {isa = PBXFileReference; lastKnownFileType = sourcecode.swift; path = SoundEmitter.swift; sourceTree = "<group>"; };
		174C08422B74BD6200AAC4FE /* DrumPad.swift */ = {isa = PBXFileReference; lastKnownFileType = sourcecode.swift; path = DrumPad.swift; sourceTree = "<group>"; };
		174CC9172B7432F0009B0C36 /* TableDrummer.app */ = {isa = PBXFileReference; explicitFileType = wrapper.application; includeInIndex = 0; path = TableDrummer.app; sourceTree = BUILT_PRODUCTS_DIR; };
		174CC91E2B7432F0009B0C36 /* TableDrummerApp.swift */ = {isa = PBXFileReference; lastKnownFileType = sourcecode.swift; path = TableDrummerApp.swift; sourceTree = "<group>"; };
		174CC9202B7432F0009B0C36 /* ContentView.swift */ = {isa = PBXFileReference; lastKnownFileType = sourcecode.swift; path = ContentView.swift; sourceTree = "<group>"; };
		174CC9222B7432F0009B0C36 /* ImmersiveView.swift */ = {isa = PBXFileReference; lastKnownFileType = sourcecode.swift; path = ImmersiveView.swift; sourceTree = "<group>"; };
		174CC9242B7432F2009B0C36 /* Assets.xcassets */ = {isa = PBXFileReference; lastKnownFileType = folder.assetcatalog; path = Assets.xcassets; sourceTree = "<group>"; };
		174CC9272B7432F2009B0C36 /* Preview Assets.xcassets */ = {isa = PBXFileReference; lastKnownFileType = folder.assetcatalog; path = "Preview Assets.xcassets"; sourceTree = "<group>"; };
		174CC9292B7432F2009B0C36 /* Info.plist */ = {isa = PBXFileReference; lastKnownFileType = text.plist.xml; path = Info.plist; sourceTree = "<group>"; };
		1756B4942B75D71D00729672 /* rock-kick-2.wav */ = {isa = PBXFileReference; lastKnownFileType = audio.wav; path = "rock-kick-2.wav"; sourceTree = "<group>"; };
		1756B4952B75D71D00729672 /* rock-kick_140bpm_C.wav */ = {isa = PBXFileReference; lastKnownFileType = audio.wav; path = "rock-kick_140bpm_C.wav"; sourceTree = "<group>"; };
		1756B4972B75D71D00729672 /* heavy-rock-tom.wav */ = {isa = PBXFileReference; lastKnownFileType = audio.wav; path = "heavy-rock-tom.wav"; sourceTree = "<group>"; };
		1756B4982B75D71D00729672 /* heavy-rock-floor-tom.wav */ = {isa = PBXFileReference; lastKnownFileType = audio.wav; path = "heavy-rock-floor-tom.wav"; sourceTree = "<group>"; };
		1756B4992B75D71D00729672 /* heavy-rock-tom-2.wav */ = {isa = PBXFileReference; lastKnownFileType = audio.wav; path = "heavy-rock-tom-2.wav"; sourceTree = "<group>"; };
		1756B49A2B75D71D00729672 /* heavy-rock-tom-3.wav */ = {isa = PBXFileReference; lastKnownFileType = audio.wav; path = "heavy-rock-tom-3.wav"; sourceTree = "<group>"; };
		1756B49C2B75D71D00729672 /* punchy-acoustic-rock-snare-one-shot_F_major.wav */ = {isa = PBXFileReference; lastKnownFileType = audio.wav; path = "punchy-acoustic-rock-snare-one-shot_F_major.wav"; sourceTree = "<group>"; };
		1756B49D2B75D71D00729672 /* indie-rock-snare.wav */ = {isa = PBXFileReference; lastKnownFileType = audio.wav; path = "indie-rock-snare.wav"; sourceTree = "<group>"; };
		1756B4A02B75D71D00729672 /* heavy-rock-closed-hi-hat.wav */ = {isa = PBXFileReference; lastKnownFileType = audio.wav; path = "heavy-rock-closed-hi-hat.wav"; sourceTree = "<group>"; };
		1759BBAA2B7AB62B00B97F36 /* ARSessionModel.swift */ = {isa = PBXFileReference; lastKnownFileType = sourcecode.swift; path = ARSessionModel.swift; sourceTree = "<group>"; };
		175A68CC2B8416DF0006BE1C /* ElementsView.swift */ = {isa = PBXFileReference; lastKnownFileType = sourcecode.swift; path = ElementsView.swift; sourceTree = "<group>"; };
		175A68CE2B8421FC0006BE1C /* Constants.swift */ = {isa = PBXFileReference; lastKnownFileType = sourcecode.swift; path = Constants.swift; sourceTree = "<group>"; };
		17FFA9CD2B814AE2002D76CC /* rock-ride-tip.wav */ = {isa = PBXFileReference; lastKnownFileType = audio.wav; path = "rock-ride-tip.wav"; sourceTree = "<group>"; };
		17FFA9CF2B814AF4002D76CC /* golden-crash.wav */ = {isa = PBXFileReference; lastKnownFileType = audio.wav; path = "golden-crash.wav"; sourceTree = "<group>"; };
		17FFA9D12B814C9B002D76CC /* heavy-rock-ride.wav */ = {isa = PBXFileReference; lastKnownFileType = audio.wav; path = "heavy-rock-ride.wav"; sourceTree = "<group>"; };
		17FFA9D32B81504A002D76CC /* TDColor.swift */ = {isa = PBXFileReference; lastKnownFileType = sourcecode.swift; path = TDColor.swift; sourceTree = "<group>"; };
/* End PBXFileReference section */

/* Begin PBXFrameworksBuildPhase section */
		174CC9142B7432F0009B0C36 /* Frameworks */ = {
			isa = PBXFrameworksBuildPhase;
			buildActionMask = 2147483647;
			files = (
				172F19A02B755C0D001F9B12 /* TableDrummerContent in Frameworks */,
			);
			runOnlyForDeploymentPostprocessing = 0;
		};
/* End PBXFrameworksBuildPhase section */

/* Begin PBXGroup section */
		172F199B2B755BEE001F9B12 /* Packages */ = {
			isa = PBXGroup;
			children = (
				172F199C2B755BEE001F9B12 /* TableDrummerContent */,
			);
			path = Packages;
			sourceTree = SOURCE_ROOT;
		};
		172F199E2B755C0D001F9B12 /* Frameworks */ = {
			isa = PBXGroup;
			children = (
			);
			name = Frameworks;
			sourceTree = "<group>";
		};
		174CC90E2B7432F0009B0C36 = {
			isa = PBXGroup;
			children = (
				1756B48F2B75D6DC00729672 /* Audio */,
				174CC9192B7432F0009B0C36 /* TableDrummer */,
				172F199B2B755BEE001F9B12 /* Packages */,
				174CC9182B7432F0009B0C36 /* Products */,
				172F199E2B755C0D001F9B12 /* Frameworks */,
			);
			sourceTree = "<group>";
		};
		174CC9182B7432F0009B0C36 /* Products */ = {
			isa = PBXGroup;
			children = (
				174CC9172B7432F0009B0C36 /* TableDrummer.app */,
			);
			name = Products;
			sourceTree = "<group>";
		};
		174CC9192B7432F0009B0C36 /* TableDrummer */ = {
			isa = PBXGroup;
			children = (
				174CC91E2B7432F0009B0C36 /* TableDrummerApp.swift */,
				17071F032B7ED934009C1760 /* DrumsModel.swift */,
				1759BBAA2B7AB62B00B97F36 /* ARSessionModel.swift */,
				17D6772E2B7A8DD000CAD649 /* Views */,
				17D6772D2B7A8DBF00CAD649 /* Objects */,
				174CC9242B7432F2009B0C36 /* Assets.xcassets */,
				174CC9292B7432F2009B0C36 /* Info.plist */,
				174CC9262B7432F2009B0C36 /* Preview Content */,
				175A68CE2B8421FC0006BE1C /* Constants.swift */,
			);
			path = TableDrummer;
			sourceTree = "<group>";
		};
		174CC9262B7432F2009B0C36 /* Preview Content */ = {
			isa = PBXGroup;
			children = (
				174CC9272B7432F2009B0C36 /* Preview Assets.xcassets */,
			);
			path = "Preview Content";
			sourceTree = "<group>";
		};
		1756B48F2B75D6DC00729672 /* Audio */ = {
			isa = PBXGroup;
			children = (
				1756B4922B75D71D00729672 /* Samples */,
			);
			path = Audio;
			sourceTree = "<group>";
		};
		1756B4922B75D71D00729672 /* Samples */ = {
			isa = PBXGroup;
			children = (
				1756B4932B75D71D00729672 /* Kick */,
				1756B4962B75D71D00729672 /* Tom */,
				1756B49B2B75D71D00729672 /* Snare */,
				1756B49F2B75D71D00729672 /* Cymbal */,
			);
			path = Samples;
			sourceTree = "<group>";
		};
		1756B4932B75D71D00729672 /* Kick */ = {
			isa = PBXGroup;
			children = (
				1756B4942B75D71D00729672 /* rock-kick-2.wav */,
				1756B4952B75D71D00729672 /* rock-kick_140bpm_C.wav */,
			);
			path = Kick;
			sourceTree = "<group>";
		};
		1756B4962B75D71D00729672 /* Tom */ = {
			isa = PBXGroup;
			children = (
				1756B4972B75D71D00729672 /* heavy-rock-tom.wav */,
				1756B4982B75D71D00729672 /* heavy-rock-floor-tom.wav */,
				1756B4992B75D71D00729672 /* heavy-rock-tom-2.wav */,
				1756B49A2B75D71D00729672 /* heavy-rock-tom-3.wav */,
			);
			path = Tom;
			sourceTree = "<group>";
		};
		1756B49B2B75D71D00729672 /* Snare */ = {
			isa = PBXGroup;
			children = (
				1756B49C2B75D71D00729672 /* punchy-acoustic-rock-snare-one-shot_F_major.wav */,
				1756B49D2B75D71D00729672 /* indie-rock-snare.wav */,
			);
			path = Snare;
			sourceTree = "<group>";
		};
		1756B49F2B75D71D00729672 /* Cymbal */ = {
			isa = PBXGroup;
			children = (
				17FFA9CF2B814AF4002D76CC /* golden-crash.wav */,
				17FFA9D12B814C9B002D76CC /* heavy-rock-ride.wav */,
				17FFA9CD2B814AE2002D76CC /* rock-ride-tip.wav */,
				1756B4A02B75D71D00729672 /* heavy-rock-closed-hi-hat.wav */,
			);
			path = Cymbal;
			sourceTree = "<group>";
		};
		17D6772D2B7A8DBF00CAD649 /* Objects */ = {
			isa = PBXGroup;
			children = (
				174C08422B74BD6200AAC4FE /* DrumPad.swift */,
				172F1A172B7593AD001F9B12 /* SoundEmitter.swift */,
				17FFA9D32B81504A002D76CC /* TDColor.swift */,
			);
			path = Objects;
			sourceTree = "<group>";
		};
		17D6772E2B7A8DD000CAD649 /* Views */ = {
			isa = PBXGroup;
			children = (
				174CC9222B7432F0009B0C36 /* ImmersiveView.swift */,
				174CC9202B7432F0009B0C36 /* ContentView.swift */,
				172F19962B754E67001F9B12 /* DebugView.swift */,
				175A68CC2B8416DF0006BE1C /* ElementsView.swift */,
			);
			path = Views;
			sourceTree = "<group>";
		};
/* End PBXGroup section */

/* Begin PBXNativeTarget section */
		174CC9162B7432F0009B0C36 /* TableDrummer */ = {
			isa = PBXNativeTarget;
			buildConfigurationList = 174CC92C2B7432F2009B0C36 /* Build configuration list for PBXNativeTarget "TableDrummer" */;
			buildPhases = (
				174CC9132B7432F0009B0C36 /* Sources */,
				174CC9142B7432F0009B0C36 /* Frameworks */,
				174CC9152B7432F0009B0C36 /* Resources */,
			);
			buildRules = (
			);
			dependencies = (
			);
			name = TableDrummer;
			packageProductDependencies = (
				172F199F2B755C0D001F9B12 /* TableDrummerContent */,
			);
			productName = TableDrummer;
			productReference = 174CC9172B7432F0009B0C36 /* TableDrummer.app */;
			productType = "com.apple.product-type.application";
		};
/* End PBXNativeTarget section */

/* Begin PBXProject section */
		174CC90F2B7432F0009B0C36 /* Project object */ = {
			isa = PBXProject;
			attributes = {
				BuildIndependentTargetsInParallel = 1;
				LastSwiftUpdateCheck = 1520;
				LastUpgradeCheck = 1520;
				TargetAttributes = {
					174CC9162B7432F0009B0C36 = {
						CreatedOnToolsVersion = 15.2;
					};
				};
			};
			buildConfigurationList = 174CC9122B7432F0009B0C36 /* Build configuration list for PBXProject "TableDrummer" */;
			compatibilityVersion = "Xcode 14.0";
			developmentRegion = en;
			hasScannedForEncodings = 0;
			knownRegions = (
				en,
				Base,
			);
			mainGroup = 174CC90E2B7432F0009B0C36;
			productRefGroup = 174CC9182B7432F0009B0C36 /* Products */;
			projectDirPath = "";
			projectRoot = "";
			targets = (
				174CC9162B7432F0009B0C36 /* TableDrummer */,
			);
		};
/* End PBXProject section */

/* Begin PBXResourcesBuildPhase section */
		174CC9152B7432F0009B0C36 /* Resources */ = {
			isa = PBXResourcesBuildPhase;
			buildActionMask = 2147483647;
			files = (
				174CC9282B7432F2009B0C36 /* Preview Assets.xcassets in Resources */,
				174CC9252B7432F2009B0C36 /* Assets.xcassets in Resources */,
				1756B4A12B75D74400729672 /* rock-kick-2.wav in Resources */,
				17FFA9CE2B814AE2002D76CC /* rock-ride-tip.wav in Resources */,
				1756B4A22B75D74800729672 /* rock-kick_140bpm_C.wav in Resources */,
				1756B4A32B75D74C00729672 /* heavy-rock-tom.wav in Resources */,
				1756B4A52B75D75600729672 /* heavy-rock-tom-2.wav in Resources */,
				17FFA9D02B814AF4002D76CC /* golden-crash.wav in Resources */,
				1756B4A42B75D75400729672 /* heavy-rock-tom-3.wav in Resources */,
				1756B4A62B75D75900729672 /* heavy-rock-floor-tom.wav in Resources */,
				1756B4A72B75D75B00729672 /* punchy-acoustic-rock-snare-one-shot_F_major.wav in Resources */,
				1756B4A82B75D75D00729672 /* indie-rock-snare.wav in Resources */,
				1756B4A92B75D76000729672 /* heavy-rock-closed-hi-hat.wav in Resources */,
				17FFA9D22B814C9B002D76CC /* heavy-rock-ride.wav in Resources */,
			);
			runOnlyForDeploymentPostprocessing = 0;
		};
/* End PBXResourcesBuildPhase section */

/* Begin PBXSourcesBuildPhase section */
		174CC9132B7432F0009B0C36 /* Sources */ = {
			isa = PBXSourcesBuildPhase;
			buildActionMask = 2147483647;
			files = (
				172F19972B754E67001F9B12 /* DebugView.swift in Sources */,
				175A68CF2B8421FC0006BE1C /* Constants.swift in Sources */,
				175A68CD2B8416DF0006BE1C /* ElementsView.swift in Sources */,
				17FFA9D42B81504A002D76CC /* TDColor.swift in Sources */,
				174CC9212B7432F0009B0C36 /* ContentView.swift in Sources */,
				174CC91F2B7432F0009B0C36 /* TableDrummerApp.swift in Sources */,
				174C08432B74BD6200AAC4FE /* DrumPad.swift in Sources */,
				172F1A182B7593AD001F9B12 /* SoundEmitter.swift in Sources */,
				1759BBAB2B7AB62B00B97F36 /* ARSessionModel.swift in Sources */,
				17071F042B7ED934009C1760 /* DrumsModel.swift in Sources */,
				174CC9232B7432F0009B0C36 /* ImmersiveView.swift in Sources */,
			);
			runOnlyForDeploymentPostprocessing = 0;
		};
/* End PBXSourcesBuildPhase section */

/* Begin XCBuildConfiguration section */
		174CC92A2B7432F2009B0C36 /* Debug */ = {
			isa = XCBuildConfiguration;
			buildSettings = {
				ALWAYS_SEARCH_USER_PATHS = NO;
				ASSETCATALOG_COMPILER_GENERATE_SWIFT_ASSET_SYMBOL_EXTENSIONS = YES;
				CLANG_ANALYZER_NONNULL = YES;
				CLANG_ANALYZER_NUMBER_OBJECT_CONVERSION = YES_AGGRESSIVE;
				CLANG_CXX_LANGUAGE_STANDARD = "gnu++20";
				CLANG_ENABLE_MODULES = YES;
				CLANG_ENABLE_OBJC_ARC = YES;
				CLANG_ENABLE_OBJC_WEAK = YES;
				CLANG_WARN_BLOCK_CAPTURE_AUTORELEASING = YES;
				CLANG_WARN_BOOL_CONVERSION = YES;
				CLANG_WARN_COMMA = YES;
				CLANG_WARN_CONSTANT_CONVERSION = YES;
				CLANG_WARN_DEPRECATED_OBJC_IMPLEMENTATIONS = YES;
				CLANG_WARN_DIRECT_OBJC_ISA_USAGE = YES_ERROR;
				CLANG_WARN_DOCUMENTATION_COMMENTS = YES;
				CLANG_WARN_EMPTY_BODY = YES;
				CLANG_WARN_ENUM_CONVERSION = YES;
				CLANG_WARN_INFINITE_RECURSION = YES;
				CLANG_WARN_INT_CONVERSION = YES;
				CLANG_WARN_NON_LITERAL_NULL_CONVERSION = YES;
				CLANG_WARN_OBJC_IMPLICIT_RETAIN_SELF = YES;
				CLANG_WARN_OBJC_LITERAL_CONVERSION = YES;
				CLANG_WARN_OBJC_ROOT_CLASS = YES_ERROR;
				CLANG_WARN_QUOTED_INCLUDE_IN_FRAMEWORK_HEADER = YES;
				CLANG_WARN_RANGE_LOOP_ANALYSIS = YES;
				CLANG_WARN_STRICT_PROTOTYPES = YES;
				CLANG_WARN_SUSPICIOUS_MOVE = YES;
				CLANG_WARN_UNGUARDED_AVAILABILITY = YES_AGGRESSIVE;
				CLANG_WARN_UNREACHABLE_CODE = YES;
				CLANG_WARN__DUPLICATE_METHOD_MATCH = YES;
				COPY_PHASE_STRIP = NO;
				DEBUG_INFORMATION_FORMAT = dwarf;
				ENABLE_STRICT_OBJC_MSGSEND = YES;
				ENABLE_TESTABILITY = YES;
				ENABLE_USER_SCRIPT_SANDBOXING = YES;
				GCC_C_LANGUAGE_STANDARD = gnu17;
				GCC_DYNAMIC_NO_PIC = NO;
				GCC_NO_COMMON_BLOCKS = YES;
				GCC_OPTIMIZATION_LEVEL = 0;
				GCC_PREPROCESSOR_DEFINITIONS = (
					"DEBUG=1",
					"$(inherited)",
				);
				GCC_WARN_64_TO_32_BIT_CONVERSION = YES;
				GCC_WARN_ABOUT_RETURN_TYPE = YES_ERROR;
				GCC_WARN_UNDECLARED_SELECTOR = YES;
				GCC_WARN_UNINITIALIZED_AUTOS = YES_AGGRESSIVE;
				GCC_WARN_UNUSED_FUNCTION = YES;
				GCC_WARN_UNUSED_VARIABLE = YES;
				LOCALIZATION_PREFERS_STRING_CATALOGS = YES;
				MTL_ENABLE_DEBUG_INFO = INCLUDE_SOURCE;
				MTL_FAST_MATH = YES;
				ONLY_ACTIVE_ARCH = YES;
				SDKROOT = xros;
				SWIFT_ACTIVE_COMPILATION_CONDITIONS = "DEBUG $(inherited)";
				SWIFT_OPTIMIZATION_LEVEL = "-Onone";
				XROS_DEPLOYMENT_TARGET = 1.0;
			};
			name = Debug;
		};
		174CC92B2B7432F2009B0C36 /* Release */ = {
			isa = XCBuildConfiguration;
			buildSettings = {
				ALWAYS_SEARCH_USER_PATHS = NO;
				ASSETCATALOG_COMPILER_GENERATE_SWIFT_ASSET_SYMBOL_EXTENSIONS = YES;
				CLANG_ANALYZER_NONNULL = YES;
				CLANG_ANALYZER_NUMBER_OBJECT_CONVERSION = YES_AGGRESSIVE;
				CLANG_CXX_LANGUAGE_STANDARD = "gnu++20";
				CLANG_ENABLE_MODULES = YES;
				CLANG_ENABLE_OBJC_ARC = YES;
				CLANG_ENABLE_OBJC_WEAK = YES;
				CLANG_WARN_BLOCK_CAPTURE_AUTORELEASING = YES;
				CLANG_WARN_BOOL_CONVERSION = YES;
				CLANG_WARN_COMMA = YES;
				CLANG_WARN_CONSTANT_CONVERSION = YES;
				CLANG_WARN_DEPRECATED_OBJC_IMPLEMENTATIONS = YES;
				CLANG_WARN_DIRECT_OBJC_ISA_USAGE = YES_ERROR;
				CLANG_WARN_DOCUMENTATION_COMMENTS = YES;
				CLANG_WARN_EMPTY_BODY = YES;
				CLANG_WARN_ENUM_CONVERSION = YES;
				CLANG_WARN_INFINITE_RECURSION = YES;
				CLANG_WARN_INT_CONVERSION = YES;
				CLANG_WARN_NON_LITERAL_NULL_CONVERSION = YES;
				CLANG_WARN_OBJC_IMPLICIT_RETAIN_SELF = YES;
				CLANG_WARN_OBJC_LITERAL_CONVERSION = YES;
				CLANG_WARN_OBJC_ROOT_CLASS = YES_ERROR;
				CLANG_WARN_QUOTED_INCLUDE_IN_FRAMEWORK_HEADER = YES;
				CLANG_WARN_RANGE_LOOP_ANALYSIS = YES;
				CLANG_WARN_STRICT_PROTOTYPES = YES;
				CLANG_WARN_SUSPICIOUS_MOVE = YES;
				CLANG_WARN_UNGUARDED_AVAILABILITY = YES_AGGRESSIVE;
				CLANG_WARN_UNREACHABLE_CODE = YES;
				CLANG_WARN__DUPLICATE_METHOD_MATCH = YES;
				COPY_PHASE_STRIP = NO;
				DEBUG_INFORMATION_FORMAT = "dwarf-with-dsym";
				ENABLE_NS_ASSERTIONS = NO;
				ENABLE_STRICT_OBJC_MSGSEND = YES;
				ENABLE_USER_SCRIPT_SANDBOXING = YES;
				GCC_C_LANGUAGE_STANDARD = gnu17;
				GCC_NO_COMMON_BLOCKS = YES;
				GCC_WARN_64_TO_32_BIT_CONVERSION = YES;
				GCC_WARN_ABOUT_RETURN_TYPE = YES_ERROR;
				GCC_WARN_UNDECLARED_SELECTOR = YES;
				GCC_WARN_UNINITIALIZED_AUTOS = YES_AGGRESSIVE;
				GCC_WARN_UNUSED_FUNCTION = YES;
				GCC_WARN_UNUSED_VARIABLE = YES;
				LOCALIZATION_PREFERS_STRING_CATALOGS = YES;
				MTL_ENABLE_DEBUG_INFO = NO;
				MTL_FAST_MATH = YES;
				SDKROOT = xros;
				SWIFT_COMPILATION_MODE = wholemodule;
				VALIDATE_PRODUCT = YES;
				XROS_DEPLOYMENT_TARGET = 1.0;
			};
			name = Release;
		};
		174CC92D2B7432F2009B0C36 /* Debug */ = {
			isa = XCBuildConfiguration;
			buildSettings = {
				ASSETCATALOG_COMPILER_APPICON_NAME = AppIcon;
				ASSETCATALOG_COMPILER_GLOBAL_ACCENT_COLOR_NAME = AccentColor;
				CODE_SIGN_STYLE = Automatic;
				CURRENT_PROJECT_VERSION = 1;
				DEVELOPMENT_ASSET_PATHS = "\"TableDrummer/Preview Content\"";
				DEVELOPMENT_TEAM = D3D2BJZUS3;
				ENABLE_PREVIEWS = YES;
				GENERATE_INFOPLIST_FILE = YES;
				INFOPLIST_FILE = "$(TARGET_NAME)/Info.plist";
				LD_RUNPATH_SEARCH_PATHS = (
					"$(inherited)",
					"@executable_path/Frameworks",
				);
				MARKETING_VERSION = 2.0;
				PRODUCT_BUNDLE_IDENTIFIER = com.samhodak.TableDrummer;
				PRODUCT_NAME = "$(TARGET_NAME)";
				SUPPORTED_PLATFORMS = "xros xrsimulator";
				SWIFT_EMIT_LOC_STRINGS = YES;
				SWIFT_VERSION = 5.0;
				TARGETED_DEVICE_FAMILY = "1,2,7";
			};
			name = Debug;
		};
		174CC92E2B7432F2009B0C36 /* Release */ = {
			isa = XCBuildConfiguration;
			buildSettings = {
				ASSETCATALOG_COMPILER_APPICON_NAME = AppIcon;
				ASSETCATALOG_COMPILER_GLOBAL_ACCENT_COLOR_NAME = AccentColor;
				CODE_SIGN_STYLE = Automatic;
				CURRENT_PROJECT_VERSION = 1;
				DEVELOPMENT_ASSET_PATHS = "\"TableDrummer/Preview Content\"";
				DEVELOPMENT_TEAM = D3D2BJZUS3;
				ENABLE_PREVIEWS = YES;
				GENERATE_INFOPLIST_FILE = YES;
				INFOPLIST_FILE = "$(TARGET_NAME)/Info.plist";
				LD_RUNPATH_SEARCH_PATHS = (
					"$(inherited)",
					"@executable_path/Frameworks",
				);
				MARKETING_VERSION = 2.0;
				PRODUCT_BUNDLE_IDENTIFIER = com.samhodak.TableDrummer;
				PRODUCT_NAME = "$(TARGET_NAME)";
				SUPPORTED_PLATFORMS = "xros xrsimulator";
				SWIFT_EMIT_LOC_STRINGS = YES;
				SWIFT_VERSION = 5.0;
				TARGETED_DEVICE_FAMILY = "1,2,7";
			};
			name = Release;
		};
/* End XCBuildConfiguration section */

/* Begin XCConfigurationList section */
		174CC9122B7432F0009B0C36 /* Build configuration list for PBXProject "TableDrummer" */ = {
			isa = XCConfigurationList;
			buildConfigurations = (
				174CC92A2B7432F2009B0C36 /* Debug */,
				174CC92B2B7432F2009B0C36 /* Release */,
			);
			defaultConfigurationIsVisible = 0;
			defaultConfigurationName = Release;
		};
		174CC92C2B7432F2009B0C36 /* Build configuration list for PBXNativeTarget "TableDrummer" */ = {
			isa = XCConfigurationList;
			buildConfigurations = (
				174CC92D2B7432F2009B0C36 /* Debug */,
				174CC92E2B7432F2009B0C36 /* Release */,
			);
			defaultConfigurationIsVisible = 0;
			defaultConfigurationName = Release;
		};
/* End XCConfigurationList section */

/* Begin XCSwiftPackageProductDependency section */
		172F199F2B755C0D001F9B12 /* TableDrummerContent */ = {
			isa = XCSwiftPackageProductDependency;
			productName = TableDrummerContent;
		};
/* End XCSwiftPackageProductDependency section */
	};
	rootObject = 174CC90F2B7432F0009B0C36 /* Project object */;
}
